
Microsoft Visual Studio Solution File, Format Version 12.00
# Visual Studio Version 17
VisualStudioVersion = 17.9.34728.123
MinimumVisualStudioVersion = 10.0.40219.1
Project("{FAE04EC0-301F-11D3-BF4B-00C04F79EFBC}") = "PomodoroTimerApp", "PomodoroTimerApp\PomodoroTimerApp.csproj", "{F6411068-F0F4-4501-AA9C-38781563F7B1}"
EndProject
Global
	GlobalSection(SolutionConfigurationPlatforms) = preSolution
		Debug|Any CPU = Debug|Any CPU
		Release|Any CPU = Release|Any CPU
	EndGlobalSection
	GlobalSection(ProjectConfigurationPlatforms) = postSolution
		{F6411068-F0F4-4501-AA9C-38781563F7B1}.Debug|Any CPU.ActiveCfg = Debug|Any CPU
		{F6411068-F0F4-4501-AA9C-38781563F7B1}.Debug|Any CPU.Build.0 = Debug|Any CPU
		{F6411068-F0F4-4501-AA9C-38781563F7B1}.Release|Any CPU.ActiveCfg = Release|Any CPU
		{F6411068-F0F4-4501-AA9C-38781563F7B1}.Release|Any CPU.Build.0 = Release|Any CPU
	EndGlobalSection
	GlobalSection(SolutionProperties) = preSolution
		HideSolutionNode = FALSE
	EndGlobalSection
	GlobalSection(ExtensibilityGlobals) = postSolution
		SolutionGuid = {34484079-C3C8-4363-9CAC-0E79E9CE6FA8}
	EndGlobalSection
EndGlobal
